
Microsoft Visual Studio Solution File, Format Version 12.00
# Visual Studio Version 16
VisualStudioVersion = 16.0.33920.266
MinimumVisualStudioVersion = 10.0.40219.1
Project("{FAE04EC0-301F-11D3-BF4B-00C04F79EFBC}") = "BranchingAssignment", "BranchingAssignment\BranchingAssignment.csproj", "{1D00881D-C1C5-4E59-B7FC-F67DD1011DEE}"
EndProject
Global
	GlobalSection(SolutionConfigurationPlatforms) = preSolution
		Debug|Any CPU = Debug|Any CPU
		Release|Any CPU = Release|Any CPU
	EndGlobalSection
	GlobalSection(ProjectConfigurationPlatforms) = postSolution
		{1D00881D-C1C5-4E59-B7FC-F67DD1011DEE}.Debug|Any CPU.ActiveCfg = Debug|Any CPU
		{1D00881D-C1C5-4E59-B7FC-F67DD1011DEE}.Debug|Any CPU.Build.0 = Debug|Any CPU
		{1D00881D-C1C5-4E59-B7FC-F67DD1011DEE}.Release|Any CPU.ActiveCfg = Release|Any CPU
		{1D00881D-C1C5-4E59-B7FC-F67DD1011DEE}.Release|Any CPU.Build.0 = Release|Any CPU
	EndGlobalSection
	GlobalSection(SolutionProperties) = preSolution
		HideSolutionNode = FALSE
	EndGlobalSection
	GlobalSection(ExtensibilityGlobals) = postSolution
		SolutionGuid = {59530690-0DEB-4E95-9290-89D4AC8C8301}
	EndGlobalSection
EndGlobal
