
Microsoft Visual Studio Solution File, Format Version 12.00
# Visual Studio Version 16
VisualStudioVersion = 16.0.33920.266
MinimumVisualStudioVersion = 10.0.40219.1
Project("{FAE04EC0-301F-11D3-BF4B-00C04F79EFBC}") = "ConsoleApplicationAssignment", "ConsoleApplicationAssignment\ConsoleApplicationAssignment.csproj", "{188E58F4-15F6-43CF-BDB2-A5589109A217}"
EndProject
Global
	GlobalSection(SolutionConfigurationPlatforms) = preSolution
		Debug|Any CPU = Debug|Any CPU
		Release|Any CPU = Release|Any CPU
	EndGlobalSection
	GlobalSection(ProjectConfigurationPlatforms) = postSolution
		{188E58F4-15F6-43CF-BDB2-A5589109A217}.Debug|Any CPU.ActiveCfg = Debug|Any CPU
		{188E58F4-15F6-43CF-BDB2-A5589109A217}.Debug|Any CPU.Build.0 = Debug|Any CPU
		{188E58F4-15F6-43CF-BDB2-A5589109A217}.Release|Any CPU.ActiveCfg = Release|Any CPU
		{188E58F4-15F6-43CF-BDB2-A5589109A217}.Release|Any CPU.Build.0 = Release|Any CPU
	EndGlobalSection
	GlobalSection(SolutionProperties) = preSolution
		HideSolutionNode = FALSE
	EndGlobalSection
	GlobalSection(ExtensibilityGlobals) = postSolution
		SolutionGuid = {495CC4E8-EB88-4542-B74A-0E2D51FDBB87}
	EndGlobalSection
EndGlobal
