
Microsoft Visual Studio Solution File, Format Version 12.00
# Visual Studio Version 16
VisualStudioVersion = 16.0.33920.266
MinimumVisualStudioVersion = 10.0.40219.1
Project("{FAE04EC0-301F-11D3-BF4B-00C04F79EFBC}") = "ConsoleAppAssignmentPart6", "ConsoleAppAssignmentPart6\ConsoleAppAssignmentPart6.csproj", "{96EE259B-7451-4406-BB34-8443E117F159}"
EndProject
Global
	GlobalSection(SolutionConfigurationPlatforms) = preSolution
		Debug|Any CPU = Debug|Any CPU
		Release|Any CPU = Release|Any CPU
	EndGlobalSection
	GlobalSection(ProjectConfigurationPlatforms) = postSolution
		{96EE259B-7451-4406-BB34-8443E117F159}.Debug|Any CPU.ActiveCfg = Debug|Any CPU
		{96EE259B-7451-4406-BB34-8443E117F159}.Debug|Any CPU.Build.0 = Debug|Any CPU
		{96EE259B-7451-4406-BB34-8443E117F159}.Release|Any CPU.ActiveCfg = Release|Any CPU
		{96EE259B-7451-4406-BB34-8443E117F159}.Release|Any CPU.Build.0 = Release|Any CPU
	EndGlobalSection
	GlobalSection(SolutionProperties) = preSolution
		HideSolutionNode = FALSE
	EndGlobalSection
	GlobalSection(ExtensibilityGlobals) = postSolution
		SolutionGuid = {32FC9DCF-3762-4762-86DE-9C0962777D2F}
	EndGlobalSection
EndGlobal
